
Microsoft Visual Studio Solution File, Format Version 12.00
# Visual Studio Version 16
VisualStudioVersion = 16.0.29318.209
MinimumVisualStudioVersion = 10.0.40219.1
Project("{FAE04EC0-301F-11D3-BF4B-00C04F79EFBC}") = "OOP3cs", "ConsoleApp1\OOP3cs.csproj", "{767071F0-26C9-4268-B03F-AE6D0F94B868}"
EndProject
Global
	GlobalSection(SolutionConfigurationPlatforms) = preSolution
		Debug|Any CPU = Debug|Any CPU
		Release|Any CPU = Release|Any CPU
	EndGlobalSection
	GlobalSection(ProjectConfigurationPlatforms) = postSolution
		{767071F0-26C9-4268-B03F-AE6D0F94B868}.Debug|Any CPU.ActiveCfg = Debug|Any CPU
		{767071F0-26C9-4268-B03F-AE6D0F94B868}.Debug|Any CPU.Build.0 = Debug|Any CPU
		{767071F0-26C9-4268-B03F-AE6D0F94B868}.Release|Any CPU.ActiveCfg = Release|Any CPU
		{767071F0-26C9-4268-B03F-AE6D0F94B868}.Release|Any CPU.Build.0 = Release|Any CPU
	EndGlobalSection
	GlobalSection(SolutionProperties) = preSolution
		HideSolutionNode = FALSE
	EndGlobalSection
	GlobalSection(ExtensibilityGlobals) = postSolution
		SolutionGuid = {C48A2749-C763-44E3-A2A6-25BC01BEF040}
	EndGlobalSection
EndGlobal
